
Microsoft Visual Studio Solution File, Format Version 12.00
# Visual Studio Version 17
VisualStudioVersion = 17.5.002.0
MinimumVisualStudioVersion = 10.0.40219.1
Project("{9A19103F-16F7-4668-BE54-9A1E7A4F7556}") = "AuthorizationsSso", "AuthorizationsSso.csproj", "{A600C7B0-65E1-4611-8DB5-8F60B22FEAC0}"
EndProject
Global
	GlobalSection(SolutionConfigurationPlatforms) = preSolution
		Debug|Any CPU = Debug|Any CPU
		Release|Any CPU = Release|Any CPU
	EndGlobalSection
	GlobalSection(ProjectConfigurationPlatforms) = postSolution
		{A600C7B0-65E1-4611-8DB5-8F60B22FEAC0}.Debug|Any CPU.ActiveCfg = Debug|Any CPU
		{A600C7B0-65E1-4611-8DB5-8F60B22FEAC0}.Debug|Any CPU.Build.0 = Debug|Any CPU
		{A600C7B0-65E1-4611-8DB5-8F60B22FEAC0}.Release|Any CPU.ActiveCfg = Release|Any CPU
		{A600C7B0-65E1-4611-8DB5-8F60B22FEAC0}.Release|Any CPU.Build.0 = Release|Any CPU
	EndGlobalSection
	GlobalSection(SolutionProperties) = preSolution
		HideSolutionNode = FALSE
	EndGlobalSection
	GlobalSection(ExtensibilityGlobals) = postSolution
		SolutionGuid = {2FF86DA6-E706-47DE-A960-2A1985744936}
	EndGlobalSection
EndGlobal
